
Microsoft Visual Studio Solution File, Format Version 12.00
# Visual Studio 15
VisualStudioVersion = 15.0.28307.779
MinimumVisualStudioVersion = 10.0.40219.1
Project("{9A19103F-16F7-4668-BE54-9A1E7A4F7556}") = "EmployeeManagement", "EmployeeManagement\EmployeeManagement.csproj", "{D2F9B36E-F22F-4056-9850-CB67098EE118}"
EndProject
Global
	GlobalSection(SolutionConfigurationPlatforms) = preSolution
		Debug|Any CPU = Debug|Any CPU
		Release|Any CPU = Release|Any CPU
	EndGlobalSection
	GlobalSection(ProjectConfigurationPlatforms) = postSolution
		{D2F9B36E-F22F-4056-9850-CB67098EE118}.Debug|Any CPU.ActiveCfg = Debug|Any CPU
		{D2F9B36E-F22F-4056-9850-CB67098EE118}.Debug|Any CPU.Build.0 = Debug|Any CPU
		{D2F9B36E-F22F-4056-9850-CB67098EE118}.Release|Any CPU.ActiveCfg = Release|Any CPU
		{D2F9B36E-F22F-4056-9850-CB67098EE118}.Release|Any CPU.Build.0 = Release|Any CPU
	EndGlobalSection
	GlobalSection(SolutionProperties) = preSolution
		HideSolutionNode = FALSE
	EndGlobalSection
	GlobalSection(ExtensibilityGlobals) = postSolution
		SolutionGuid = {DC4F5FDB-A49B-48FF-8135-C05665C93BA1}
	EndGlobalSection
EndGlobal
